// !$*UTF8*$!
{
	archiveVersion = 1;
	classes = {
	};
	objectVersion = 50;
	objects = {

/* Begin PBXBuildFile section */
		4504DDE121524F6800F28F93 /* AppDelegate.swift in Sources */ = {isa = PBXBuildFile; fileRef = 4504DDE021524F6800F28F93 /* AppDelegate.swift */; };
		4504DDE321524F6800F28F93 /* ViewController.swift in Sources */ = {isa = PBXBuildFile; fileRef = 4504DDE221524F6800F28F93 /* ViewController.swift */; };
		4504DDE621524F6800F28F93 /* Main.storyboard in Resources */ = {isa = PBXBuildFile; fileRef = 4504DDE421524F6800F28F93 /* Main.storyboard */; };
		4504DDE821524F6A00F28F93 /* Assets.xcassets in Resources */ = {isa = PBXBuildFile; fileRef = 4504DDE721524F6A00F28F93 /* Assets.xcassets */; };
		4504DDEB21524F6A00F28F93 /* LaunchScreen.storyboard in Resources */ = {isa = PBXBuildFile; fileRef = 4504DDE921524F6A00F28F93 /* LaunchScreen.storyboard */; };
		4504DDF621524F6A00F28F93 /* TechtaGramTests.swift in Sources */ = {isa = PBXBuildFile; fileRef = 4504DDF521524F6A00F28F93 /* TechtaGramTests.swift */; };
		4504DE0121524F6A00F28F93 /* TechtaGramUITests.swift in Sources */ = {isa = PBXBuildFile; fileRef = 4504DE0021524F6A00F28F93 /* TechtaGramUITests.swift */; };
/* End PBXBuildFile section */

/* Begin PBXContainerItemProxy section */
		4504DDF221524F6A00F28F93 /* PBXContainerItemProxy */ = {
			isa = PBXContainerItemProxy;
			containerPortal = 4504DDD521524F6700F28F93 /* Project object */;
			proxyType = 1;
			remoteGlobalIDString = 4504DDDC21524F6700F28F93;
			remoteInfo = TechtaGram;
		};
		4504DDFD21524F6A00F28F93 /* PBXContainerItemProxy */ = {
			isa = PBXContainerItemProxy;
			containerPortal = 4504DDD521524F6700F28F93 /* Project object */;
			proxyType = 1;
			remoteGlobalIDString = 4504DDDC21524F6700F28F93;
			remoteInfo = TechtaGram;
		};
/* End PBXContainerItemProxy section */

/* Begin PBXFileReference section */
		4504DDDD21524F6700F28F93 /* TechtaGram.app */ = {isa = PBXFileReference; explicitFileType = wrapper.application; includeInIndex = 0; path = TechtaGram.app; sourceTree = BUILT_PRODUCTS_DIR; };
		4504DDE021524F6800F28F93 /* AppDelegate.swift */ = {isa = PBXFileReference; lastKnownFileType = sourcecode.swift; path = AppDelegate.swift; sourceTree = "<group>"; };
		4504DDE221524F6800F28F93 /* ViewController.swift */ = {isa = PBXFileReference; lastKnownFileType = sourcecode.swift; path = ViewController.swift; sourceTree = "<group>"; };
		4504DDE521524F6800F28F93 /* Base */ = {isa = PBXFileReference; lastKnownFileType = file.storyboard; name = Base; path = Base.lproj/Main.storyboard; sourceTree = "<group>"; };
		4504DDE721524F6A00F28F93 /* Assets.xcassets */ = {isa = PBXFileReference; lastKnownFileType = folder.assetcatalog; path = Assets.xcassets; sourceTree = "<group>"; };
		4504DDEA21524F6A00F28F93 /* Base */ = {isa = PBXFileReference; lastKnownFileType = file.storyboard; name = Base; path = Base.lproj/LaunchScreen.storyboard; sourceTree = "<group>"; };
		4504DDEC21524F6A00F28F93 /* Info.plist */ = {isa = PBXFileReference; lastKnownFileType = text.plist.xml; path = Info.plist; sourceTree = "<group>"; };
		4504DDF121524F6A00F28F93 /* TechtaGramTests.xctest */ = {isa = PBXFileReference; explicitFileType = wrapper.cfbundle; includeInIndex = 0; path = TechtaGramTests.xctest; sourceTree = BUILT_PRODUCTS_DIR; };
		4504DDF521524F6A00F28F93 /* TechtaGramTests.swift */ = {isa = PBXFileReference; lastKnownFileType = sourcecode.swift; path = TechtaGramTests.swift; sourceTree = "<group>"; };
		4504DDF721524F6A00F28F93 /* Info.plist */ = {isa = PBXFileReference; lastKnownFileType = text.plist.xml; path = Info.plist; sourceTree = "<group>"; };
		4504DDFC21524F6A00F28F93 /* TechtaGramUITests.xctest */ = {isa = PBXFileReference; explicitFileType = wrapper.cfbundle; includeInIndex = 0; path = TechtaGramUITests.xctest; sourceTree = BUILT_PRODUCTS_DIR; };
		4504DE0021524F6A00F28F93 /* TechtaGramUITests.swift */ = {isa = PBXFileReference; lastKnownFileType = sourcecode.swift; path = TechtaGramUITests.swift; sourceTree = "<group>"; };
		4504DE0221524F6A00F28F93 /* Info.plist */ = {isa = PBXFileReference; lastKnownFileType = text.plist.xml; path = Info.plist; sourceTree = "<group>"; };
/* End PBXFileReference section */

/* Begin PBXFrameworksBuildPhase section */
		4504DDDA21524F6700F28F93 /* Frameworks */ = {
			isa = PBXFrameworksBuildPhase;
			buildActionMask = 2147483647;
			files = (
			);
			runOnlyForDeploymentPostprocessing = 0;
		};
		4504DDEE21524F6A00F28F93 /* Frameworks */ = {
			isa = PBXFrameworksBuildPhase;
			buildActionMask = 2147483647;
			files = (
			);
			runOnlyForDeploymentPostprocessing = 0;
		};
		4504DDF921524F6A00F28F93 /* Frameworks */ = {
			isa = PBXFrameworksBuildPhase;
			buildActionMask = 2147483647;
			files = (
			);
			runOnlyForDeploymentPostprocessing = 0;
		};
/* End PBXFrameworksBuildPhase section */

/* Begin PBXGroup section */
		4504DDD421524F6700F28F93 = {
			isa = PBXGroup;
			children = (
				4504DDDF21524F6700F28F93 /* TechtaGram */,
				4504DDF421524F6A00F28F93 /* TechtaGramTests */,
				4504DDFF21524F6A00F28F93 /* TechtaGramUITests */,
				4504DDDE21524F6700F28F93 /* Products */,
			);
			sourceTree = "<group>";
		};
		4504DDDE21524F6700F28F93 /* Products */ = {
			isa = PBXGroup;
			children = (
				4504DDDD21524F6700F28F93 /* TechtaGram.app */,
				4504DDF121524F6A00F28F93 /* TechtaGramTests.xctest */,
				4504DDFC21524F6A00F28F93 /* TechtaGramUITests.xctest */,
			);
			name = Products;
			sourceTree = "<group>";
		};
		4504DDDF21524F6700F28F93 /* TechtaGram */ = {
			isa = PBXGroup;
			children = (
				4504DDE021524F6800F28F93 /* AppDelegate.swift */,
				4504DDE221524F6800F28F93 /* ViewController.swift */,
				4504DDE421524F6800F28F93 /* Main.storyboard */,
				4504DDE721524F6A00F28F93 /* Assets.xcassets */,
				4504DDE921524F6A00F28F93 /* LaunchScreen.storyboard */,
				4504DDEC21524F6A00F28F93 /* Info.plist */,
			);
			path = TechtaGram;
			sourceTree = "<group>";
		};
		4504DDF421524F6A00F28F93 /* TechtaGramTests */ = {
			isa = PBXGroup;
			children = (
				4504DDF521524F6A00F28F93 /* TechtaGramTests.swift */,
				4504DDF721524F6A00F28F93 /* Info.plist */,
			);
			path = TechtaGramTests;
			sourceTree = "<group>";
		};
		4504DDFF21524F6A00F28F93 /* TechtaGramUITests */ = {
			isa = PBXGroup;
			children = (
				4504DE0021524F6A00F28F93 /* TechtaGramUITests.swift */,
				4504DE0221524F6A00F28F93 /* Info.plist */,
			);
			path = TechtaGramUITests;
			sourceTree = "<group>";
		};
/* End PBXGroup section */

/* Begin PBXNativeTarget section */
		4504DDDC21524F6700F28F93 /* TechtaGram */ = {
			isa = PBXNativeTarget;
			buildConfigurationList = 4504DE0521524F6A00F28F93 /* Build configuration list for PBXNativeTarget "TechtaGram" */;
			buildPhases = (
				4504DDD921524F6700F28F93 /* Sources */,
				4504DDDA21524F6700F28F93 /* Frameworks */,
				4504DDDB21524F6700F28F93 /* Resources */,
			);
			buildRules = (
			);
			dependencies = (
			);
			name = TechtaGram;
			productName = TechtaGram;
			productReference = 4504DDDD21524F6700F28F93 /* TechtaGram.app */;
			productType = "com.apple.product-type.application";
		};
		4504DDF021524F6A00F28F93 /* TechtaGramTests */ = {
			isa = PBXNativeTarget;
			buildConfigurationList = 4504DE0821524F6A00F28F93 /* Build configuration list for PBXNativeTarget "TechtaGramTests" */;
			buildPhases = (
				4504DDED21524F6A00F28F93 /* Sources */,
				4504DDEE21524F6A00F28F93 /* Frameworks */,
				4504DDEF21524F6A00F28F93 /* Resources */,
			);
			buildRules = (
			);
			dependencies = (
				4504DDF321524F6A00F28F93 /* PBXTargetDependency */,
			);
			name = TechtaGramTests;
			productName = TechtaGramTests;
			productReference = 4504DDF121524F6A00F28F93 /* TechtaGramTests.xctest */;
			productType = "com.apple.product-type.bundle.unit-test";
		};
		4504DDFB21524F6A00F28F93 /* TechtaGramUITests */ = {
			isa = PBXNativeTarget;
			buildConfigurationList = 4504DE0B21524F6A00F28F93 /* Build configuration list for PBXNativeTarget "TechtaGramUITests" */;
			buildPhases = (
				4504DDF821524F6A00F28F93 /* Sources */,
				4504DDF921524F6A00F28F93 /* Frameworks */,
				4504DDFA21524F6A00F28F93 /* Resources */,
			);
			buildRules = (
			);
			dependencies = (
				4504DDFE21524F6A00F28F93 /* PBXTargetDependency */,
			);
			name = TechtaGramUITests;
			productName = TechtaGramUITests;
			productReference = 4504DDFC21524F6A00F28F93 /* TechtaGramUITests.xctest */;
			productType = "com.apple.product-type.bundle.ui-testing";
		};
/* End PBXNativeTarget section */

/* Begin PBXProject section */
		4504DDD521524F6700F28F93 /* Project object */ = {
			isa = PBXProject;
			attributes = {
				LastSwiftUpdateCheck = 1000;
				LastUpgradeCheck = 1000;
				ORGANIZATIONNAME = so1425;
				TargetAttributes = {
					4504DDDC21524F6700F28F93 = {
						CreatedOnToolsVersion = 10.0;
					};
					4504DDF021524F6A00F28F93 = {
						CreatedOnToolsVersion = 10.0;
						TestTargetID = 4504DDDC21524F6700F28F93;
					};
					4504DDFB21524F6A00F28F93 = {
						CreatedOnToolsVersion = 10.0;
						TestTargetID = 4504DDDC21524F6700F28F93;
					};
				};
			};
			buildConfigurationList = 4504DDD821524F6700F28F93 /* Build configuration list for PBXProject "TechtaGram" */;
			compatibilityVersion = "Xcode 9.3";
			developmentRegion = en;
			hasScannedForEncodings = 0;
			knownRegions = (
				en,
				Base,
			);
			mainGroup = 4504DDD421524F6700F28F93;
			productRefGroup = 4504DDDE21524F6700F28F93 /* Products */;
			projectDirPath = "";
			projectRoot = "";
			targets = (
				4504DDDC21524F6700F28F93 /* TechtaGram */,
				4504DDF021524F6A00F28F93 /* TechtaGramTests */,
				4504DDFB21524F6A00F28F93 /* TechtaGramUITests */,
			);
		};
/* End PBXProject section */

/* Begin PBXResourcesBuildPhase section */
		4504DDDB21524F6700F28F93 /* Resources */ = {
			isa = PBXResourcesBuildPhase;
			buildActionMask = 2147483647;
			files = (
				4504DDEB21524F6A00F28F93 /* LaunchScreen.storyboard in Resources */,
				4504DDE821524F6A00F28F93 /* Assets.xcassets in Resources */,
				4504DDE621524F6800F28F93 /* Main.storyboard in Resources */,
			);
			runOnlyForDeploymentPostprocessing = 0;
		};
		4504DDEF21524F6A00F28F93 /* Resources */ = {
			isa = PBXResourcesBuildPhase;
			buildActionMask = 2147483647;
			files = (
			);
			runOnlyForDeploymentPostprocessing = 0;
		};
		4504DDFA21524F6A00F28F93 /* Resources */ = {
			isa = PBXResourcesBuildPhase;
			buildActionMask = 2147483647;
			files = (
			);
			runOnlyForDeploymentPostprocessing = 0;
		};
/* End PBXResourcesBuildPhase section */

/* Begin PBXSourcesBuildPhase section */
		4504DDD921524F6700F28F93 /* Sources */ = {
			isa = PBXSourcesBuildPhase;
			buildActionMask = 2147483647;
			files = (
				4504DDE321524F6800F28F93 /* ViewController.swift in Sources */,
				4504DDE121524F6800F28F93 /* AppDelegate.swift in Sources */,
			);
			runOnlyForDeploymentPostprocessing = 0;
		};
		4504DDED21524F6A00F28F93 /* Sources */ = {
			isa = PBXSourcesBuildPhase;
			buildActionMask = 2147483647;
			files = (
				4504DDF621524F6A00F28F93 /* TechtaGramTests.swift in Sources */,
			);
			runOnlyForDeploymentPostprocessing = 0;
		};
		4504DDF821524F6A00F28F93 /* Sources */ = {
			isa = PBXSourcesBuildPhase;
			buildActionMask = 2147483647;
			files = (
				4504DE0121524F6A00F28F93 /* TechtaGramUITests.swift in Sources */,
			);
			runOnlyForDeploymentPostprocessing = 0;
		};
/* End PBXSourcesBuildPhase section */

/* Begin PBXTargetDependency section */
		4504DDF321524F6A00F28F93 /* PBXTargetDependency */ = {
			isa = PBXTargetDependency;
			target = 4504DDDC21524F6700F28F93 /* TechtaGram */;
			targetProxy = 4504DDF221524F6A00F28F93 /* PBXContainerItemProxy */;
		};
		4504DDFE21524F6A00F28F93 /* PBXTargetDependency */ = {
			isa = PBXTargetDependency;
			target = 4504DDDC21524F6700F28F93 /* TechtaGram */;
			targetProxy = 4504DDFD21524F6A00F28F93 /* PBXContainerItemProxy */;
		};
/* End PBXTargetDependency section */

/* Begin PBXVariantGroup section */
		4504DDE421524F6800F28F93 /* Main.storyboard */ = {
			isa = PBXVariantGroup;
			children = (
				4504DDE521524F6800F28F93 /* Base */,
			);
			name = Main.storyboard;
			sourceTree = "<group>";
		};
		4504DDE921524F6A00F28F93 /* LaunchScreen.storyboard */ = {
			isa = PBXVariantGroup;
			children = (
				4504DDEA21524F6A00F28F93 /* Base */,
			);
			name = LaunchScreen.storyboard;
			sourceTree = "<group>";
		};
/* End PBXVariantGroup section */

/* Begin XCBuildConfiguration section */
		4504DE0321524F6A00F28F93 /* Debug */ = {
			isa = XCBuildConfiguration;
			buildSettings = {
				ALWAYS_SEARCH_USER_PATHS = NO;
				CLANG_ANALYZER_NONNULL = YES;
				CLANG_ANALYZER_NUMBER_OBJECT_CONVERSION = YES_AGGRESSIVE;
				CLANG_CXX_LANGUAGE_STANDARD = "gnu++14";
				CLANG_CXX_LIBRARY = "libc++";
				CLANG_ENABLE_MODULES = YES;
				CLANG_ENABLE_OBJC_ARC = YES;
				CLANG_ENABLE_OBJC_WEAK = YES;
				CLANG_WARN_BLOCK_CAPTURE_AUTORELEASING = YES;
				CLANG_WARN_BOOL_CONVERSION = YES;
				CLANG_WARN_COMMA = YES;
				CLANG_WARN_CONSTANT_CONVERSION = YES;
				CLANG_WARN_DEPRECATED_OBJC_IMPLEMENTATIONS = YES;
				CLANG_WARN_DIRECT_OBJC_ISA_USAGE = YES_ERROR;
				CLANG_WARN_DOCUMENTATION_COMMENTS = YES;
				CLANG_WARN_EMPTY_BODY = YES;
				CLANG_WARN_ENUM_CONVERSION = YES;
				CLANG_WARN_INFINITE_RECURSION = YES;
				CLANG_WARN_INT_CONVERSION = YES;
				CLANG_WARN_NON_LITERAL_NULL_CONVERSION = YES;
				CLANG_WARN_OBJC_IMPLICIT_RETAIN_SELF = YES;
				CLANG_WARN_OBJC_LITERAL_CONVERSION = YES;
				CLANG_WARN_OBJC_ROOT_CLASS = YES_ERROR;
				CLANG_WARN_RANGE_LOOP_ANALYSIS = YES;
				CLANG_WARN_STRICT_PROTOTYPES = YES;
				CLANG_WARN_SUSPICIOUS_MOVE = YES;
				CLANG_WARN_UNGUARDED_AVAILABILITY = YES_AGGRESSIVE;
				CLANG_WARN_UNREACHABLE_CODE = YES;
				CLANG_WARN__DUPLICATE_METHOD_MATCH = YES;
				CODE_SIGN_IDENTITY = "iPhone Developer";
				COPY_PHASE_STRIP = NO;
				DEBUG_INFORMATION_FORMAT = dwarf;
				ENABLE_STRICT_OBJC_MSGSEND = YES;
				ENABLE_TESTABILITY = YES;
				GCC_C_LANGUAGE_STANDARD = gnu11;
				GCC_DYNAMIC_NO_PIC = NO;
				GCC_NO_COMMON_BLOCKS = YES;
				GCC_OPTIMIZATION_LEVEL = 0;
				GCC_PREPROCESSOR_DEFINITIONS = (
					"DEBUG=1",
					"$(inherited)",
				);
				GCC_WARN_64_TO_32_BIT_CONVERSION = YES;
				GCC_WARN_ABOUT_RETURN_TYPE = YES_ERROR;
				GCC_WARN_UNDECLARED_SELECTOR = YES;
				GCC_WARN_UNINITIALIZED_AUTOS = YES_AGGRESSIVE;
				GCC_WARN_UNUSED_FUNCTION = YES;
				GCC_WARN_UNUSED_VARIABLE = YES;
				IPHONEOS_DEPLOYMENT_TARGET = 12.0;
				MTL_ENABLE_DEBUG_INFO = INCLUDE_SOURCE;
				MTL_FAST_MATH = YES;
				ONLY_ACTIVE_ARCH = YES;
				SDKROOT = iphoneos;
				SWIFT_ACTIVE_COMPILATION_CONDITIONS = DEBUG;
				SWIFT_OPTIMIZATION_LEVEL = "-Onone";
			};
			name = Debug;
		};
		4504DE0421524F6A00F28F93 /* Release */ = {
			isa = XCBuildConfiguration;
			buildSettings = {
				ALWAYS_SEARCH_USER_PATHS = NO;
				CLANG_ANALYZER_NONNULL = YES;
				CLANG_ANALYZER_NUMBER_OBJECT_CONVERSION = YES_AGGRESSIVE;
				CLANG_CXX_LANGUAGE_STANDARD = "gnu++14";
				CLANG_CXX_LIBRARY = "libc++";
				CLANG_ENABLE_MODULES = YES;
				CLANG_ENABLE_OBJC_ARC = YES;
				CLANG_ENABLE_OBJC_WEAK = YES;
				CLANG_WARN_BLOCK_CAPTURE_AUTORELEASING = YES;
				CLANG_WARN_BOOL_CONVERSION = YES;
				CLANG_WARN_COMMA = YES;
				CLANG_WARN_CONSTANT_CONVERSION = YES;
				CLANG_WARN_DEPRECATED_OBJC_IMPLEMENTATIONS = YES;
				CLANG_WARN_DIRECT_OBJC_ISA_USAGE = YES_ERROR;
				CLANG_WARN_DOCUMENTATION_COMMENTS = YES;
				CLANG_WARN_EMPTY_BODY = YES;
				CLANG_WARN_ENUM_CONVERSION = YES;
				CLANG_WARN_INFINITE_RECURSION = YES;
				CLANG_WARN_INT_CONVERSION = YES;
				CLANG_WARN_NON_LITERAL_NULL_CONVERSION = YES;
				CLANG_WARN_OBJC_IMPLICIT_RETAIN_SELF = YES;
				CLANG_WARN_OBJC_LITERAL_CONVERSION = YES;
				CLANG_WARN_OBJC_ROOT_CLASS = YES_ERROR;
				CLANG_WARN_RANGE_LOOP_ANALYSIS = YES;
				CLANG_WARN_STRICT_PROTOTYPES = YES;
				CLANG_WARN_SUSPICIOUS_MOVE = YES;
				CLANG_WARN_UNGUARDED_AVAILABILITY = YES_AGGRESSIVE;
				CLANG_WARN_UNREACHABLE_CODE = YES;
				CLANG_WARN__DUPLICATE_METHOD_MATCH = YES;
				CODE_SIGN_IDENTITY = "iPhone Developer";
				COPY_PHASE_STRIP = NO;
				DEBUG_INFORMATION_FORMAT = "dwarf-with-dsym";
				ENABLE_NS_ASSERTIONS = NO;
				ENABLE_STRICT_OBJC_MSGSEND = YES;
				GCC_C_LANGUAGE_STANDARD = gnu11;
				GCC_NO_COMMON_BLOCKS = YES;
				GCC_WARN_64_TO_32_BIT_CONVERSION = YES;
				GCC_WARN_ABOUT_RETURN_TYPE = YES_ERROR;
				GCC_WARN_UNDECLARED_SELECTOR = YES;
				GCC_WARN_UNINITIALIZED_AUTOS = YES_AGGRESSIVE;
				GCC_WARN_UNUSED_FUNCTION = YES;
				GCC_WARN_UNUSED_VARIABLE = YES;
				IPHONEOS_DEPLOYMENT_TARGET = 12.0;
				MTL_ENABLE_DEBUG_INFO = NO;
				MTL_FAST_MATH = YES;
				SDKROOT = iphoneos;
				SWIFT_COMPILATION_MODE = wholemodule;
				SWIFT_OPTIMIZATION_LEVEL = "-O";
				VALIDATE_PRODUCT = YES;
			};
			name = Release;
		};
		4504DE0621524F6A00F28F93 /* Debug */ = {
			isa = XCBuildConfiguration;
			buildSettings = {
				ASSETCATALOG_COMPILER_APPICON_NAME = AppIcon;
				CODE_SIGN_STYLE = Automatic;
				INFOPLIST_FILE = TechtaGram/Info.plist;
				LD_RUNPATH_SEARCH_PATHS = (
					"$(inherited)",
					"@executable_path/Frameworks",
				);
				PRODUCT_BUNDLE_IDENTIFIER = com.litech.TechtaGram;
				PRODUCT_NAME = "$(TARGET_NAME)";
				SWIFT_VERSION = 4.0;
				TARGETED_DEVICE_FAMILY = "1,2";
			};
			name = Debug;
		};
		4504DE0721524F6A00F28F93 /* Release */ = {
			isa = XCBuildConfiguration;
			buildSettings = {
				ASSETCATALOG_COMPILER_APPICON_NAME = AppIcon;
				CODE_SIGN_STYLE = Automatic;
				INFOPLIST_FILE = TechtaGram/Info.plist;
				LD_RUNPATH_SEARCH_PATHS = (
					"$(inherited)",
					"@executable_path/Frameworks",
				);
				PRODUCT_BUNDLE_IDENTIFIER = com.litech.TechtaGram;
				PRODUCT_NAME = "$(TARGET_NAME)";
				SWIFT_VERSION = 4.0;
				TARGETED_DEVICE_FAMILY = "1,2";
			};
			name = Release;
		};
		4504DE0921524F6A00F28F93 /* Debug */ = {
			isa = XCBuildConfiguration;
			buildSettings = {
				ALWAYS_EMBED_SWIFT_STANDARD_LIBRARIES = YES;
				BUNDLE_LOADER = "$(TEST_HOST)";
				CODE_SIGN_STYLE = Automatic;
				INFOPLIST_FILE = TechtaGramTests/Info.plist;
				LD_RUNPATH_SEARCH_PATHS = (
					"$(inherited)",
					"@executable_path/Frameworks",
					"@loader_path/Frameworks",
				);
				PRODUCT_BUNDLE_IDENTIFIER = com.litech.TechtaGramTests;
				PRODUCT_NAME = "$(TARGET_NAME)";
				SWIFT_VERSION = 4.2;
				TARGETED_DEVICE_FAMILY = "1,2";
				TEST_HOST = "$(BUILT_PRODUCTS_DIR)/TechtaGram.app/TechtaGram";
			};
			name = Debug;
		};
		4504DE0A21524F6A00F28F93 /* Release */ = {
			isa = XCBuildConfiguration;
			buildSettings = {
				ALWAYS_EMBED_SWIFT_STANDARD_LIBRARIES = YES;
				BUNDLE_LOADER = "$(TEST_HOST)";
				CODE_SIGN_STYLE = Automatic;
				INFOPLIST_FILE = TechtaGramTests/Info.plist;
				LD_RUNPATH_SEARCH_PATHS = (
					"$(inherited)",
					"@executable_path/Frameworks",
					"@loader_path/Frameworks",
				);
				PRODUCT_BUNDLE_IDENTIFIER = com.litech.TechtaGramTests;
				PRODUCT_NAME = "$(TARGET_NAME)";
				SWIFT_VERSION = 4.2;
				TARGETED_DEVICE_FAMILY = "1,2";
				TEST_HOST = "$(BUILT_PRODUCTS_DIR)/TechtaGram.app/TechtaGram";
			};
			name = Release;
		};
		4504DE0C21524F6A00F28F93 /* Debug */ = {
			isa = XCBuildConfiguration;
			buildSettings = {
				ALWAYS_EMBED_SWIFT_STANDARD_LIBRARIES = YES;
				CODE_SIGN_STYLE = Automatic;
				INFOPLIST_FILE = TechtaGramUITests/Info.plist;
				LD_RUNPATH_SEARCH_PATHS = (
					"$(inherited)",
					"@executable_path/Frameworks",
					"@loader_path/Frameworks",
				);
				PRODUCT_BUNDLE_IDENTIFIER = com.litech.TechtaGramUITests;
				PRODUCT_NAME = "$(TARGET_NAME)";
				SWIFT_VERSION = 4.2;
				TARGETED_DEVICE_FAMILY = "1,2";
				TEST_TARGET_NAME = TechtaGram;
			};
			name = Debug;
		};
		4504DE0D21524F6A00F28F93 /* Release */ = {
			isa = XCBuildConfiguration;
			buildSettings = {
				ALWAYS_EMBED_SWIFT_STANDARD_LIBRARIES = YES;
				CODE_SIGN_STYLE = Automatic;
				INFOPLIST_FILE = TechtaGramUITests/Info.plist;
				LD_RUNPATH_SEARCH_PATHS = (
					"$(inherited)",
					"@executable_path/Frameworks",
					"@loader_path/Frameworks",
				);
				PRODUCT_BUNDLE_IDENTIFIER = com.litech.TechtaGramUITests;
				PRODUCT_NAME = "$(TARGET_NAME)";
				SWIFT_VERSION = 4.2;
				TARGETED_DEVICE_FAMILY = "1,2";
				TEST_TARGET_NAME = TechtaGram;
			};
			name = Release;
		};
/* End XCBuildConfiguration section */

/* Begin XCConfigurationList section */
		4504DDD821524F6700F28F93 /* Build configuration list for PBXProject "TechtaGram" */ = {
			isa = XCConfigurationList;
			buildConfigurations = (
				4504DE0321524F6A00F28F93 /* Debug */,
				4504DE0421524F6A00F28F93 /* Release */,
			);
			defaultConfigurationIsVisible = 0;
			defaultConfigurationName = Release;
		};
		4504DE0521524F6A00F28F93 /* Build configuration list for PBXNativeTarget "TechtaGram" */ = {
			isa = XCConfigurationList;
			buildConfigurations = (
				4504DE0621524F6A00F28F93 /* Debug */,
				4504DE0721524F6A00F28F93 /* Release */,
			);
			defaultConfigurationIsVisible = 0;
			defaultConfigurationName = Release;
		};
		4504DE0821524F6A00F28F93 /* Build configuration list for PBXNativeTarget "TechtaGramTests" */ = {
			isa = XCConfigurationList;
			buildConfigurations = (
				4504DE0921524F6A00F28F93 /* Debug */,
				4504DE0A21524F6A00F28F93 /* Release */,
			);
			defaultConfigurationIsVisible = 0;
			defaultConfigurationName = Release;
		};
		4504DE0B21524F6A00F28F93 /* Build configuration list for PBXNativeTarget "TechtaGramUITests" */ = {
			isa = XCConfigurationList;
			buildConfigurations = (
				4504DE0C21524F6A00F28F93 /* Debug */,
				4504DE0D21524F6A00F28F93 /* Release */,
			);
			defaultConfigurationIsVisible = 0;
			defaultConfigurationName = Release;
		};
/* End XCConfigurationList section */
	};
	rootObject = 4504DDD521524F6700F28F93 /* Project object */;
}
